
Microsoft Visual Studio Solution File, Format Version 12.00
# Visual Studio Version 17
VisualStudioVersion = 17.4.33122.133
MinimumVisualStudioVersion = 10.0.40219.1
Project("{FAE04EC0-301F-11D3-BF4B-00C04F79EFBC}") = "Wzorce_Projektowe_MetodaSzablonowa", "Wzorce_Projektowe_MetodaSzablonowa\Wzorce_Projektowe_MetodaSzablonowa.csproj", "{250947D2-F144-4EAB-9DD2-B7D4E93A2EC4}"
EndProject
Global
	GlobalSection(SolutionConfigurationPlatforms) = preSolution
		Debug|Any CPU = Debug|Any CPU
		Release|Any CPU = Release|Any CPU
	EndGlobalSection
	GlobalSection(ProjectConfigurationPlatforms) = postSolution
		{250947D2-F144-4EAB-9DD2-B7D4E93A2EC4}.Debug|Any CPU.ActiveCfg = Debug|Any CPU
		{250947D2-F144-4EAB-9DD2-B7D4E93A2EC4}.Debug|Any CPU.Build.0 = Debug|Any CPU
		{250947D2-F144-4EAB-9DD2-B7D4E93A2EC4}.Release|Any CPU.ActiveCfg = Release|Any CPU
		{250947D2-F144-4EAB-9DD2-B7D4E93A2EC4}.Release|Any CPU.Build.0 = Release|Any CPU
	EndGlobalSection
	GlobalSection(SolutionProperties) = preSolution
		HideSolutionNode = FALSE
	EndGlobalSection
	GlobalSection(ExtensibilityGlobals) = postSolution
		SolutionGuid = {39DACA5A-A4A9-4843-9963-4F3D2188D31D}
	EndGlobalSection
EndGlobal
